
Microsoft Visual Studio Solution File, Format Version 12.00
# Visual Studio Express 2012 for Windows Desktop
Project("{F184B08F-C81C-45F6-A57F-5ABD9991F28F}") = "All view", "All view\All view.vbproj", "{486B0F90-31C8-45D8-9862-8A93F00BFCB7}"
EndProject
Global
	GlobalSection(SolutionConfigurationPlatforms) = preSolution
		Debug|Any CPU = Debug|Any CPU
		Release|Any CPU = Release|Any CPU
	EndGlobalSection
	GlobalSection(ProjectConfigurationPlatforms) = postSolution
		{486B0F90-31C8-45D8-9862-8A93F00BFCB7}.Debug|Any CPU.ActiveCfg = Debug|Any CPU
		{486B0F90-31C8-45D8-9862-8A93F00BFCB7}.Debug|Any CPU.Build.0 = Debug|Any CPU
		{486B0F90-31C8-45D8-9862-8A93F00BFCB7}.Release|Any CPU.ActiveCfg = Release|Any CPU
		{486B0F90-31C8-45D8-9862-8A93F00BFCB7}.Release|Any CPU.Build.0 = Release|Any CPU
	EndGlobalSection
	GlobalSection(SolutionProperties) = preSolution
		HideSolutionNode = FALSE
	EndGlobalSection
EndGlobal
